# Generated by pub
# See http://pub.dartlang.org/doc/glossary.html#lockfile
packages:
  ansicolor:
    description: ansicolor
    source: hosted
    version: "0.0.9"
  args:
    description: args
    source: hosted
    version: "0.10.0+2"
  collection:
    description: collection
    source: hosted
    version: "0.9.1"
  logging:
    description: logging
    source: hosted
    version: "0.9.1+1"
  mockable_filesystem:
    description: mockable_filesystem
    source: hosted
    version: "0.0.1"
  path:
    description: path
    source: hosted
    version: "1.1.0"
  quiver:
    description: quiver
    source: hosted
    version: "0.18.2"
  unscripted:
    description: unscripted
    source: hosted
    version: "0.3.4"
